// !$*UTF8*$!
{
	archiveVersion = 1;
	classes = {
	};
	objectVersion = 50;
	objects = {

/* Begin PBXBuildFile section */
		8A2920B62557D5C200D41453 /* AppDelegate.swift in Sources */ = {isa = PBXBuildFile; fileRef = 8A2920B52557D5C200D41453 /* AppDelegate.swift */; };
		8A2920B82557D5C200D41453 /* SceneDelegate.swift in Sources */ = {isa = PBXBuildFile; fileRef = 8A2920B72557D5C200D41453 /* SceneDelegate.swift */; };
		8A2920BF2557D5C300D41453 /* Assets.xcassets in Resources */ = {isa = PBXBuildFile; fileRef = 8A2920BE2557D5C300D41453 /* Assets.xcassets */; };
		8A2920C22557D5C300D41453 /* LaunchScreen.storyboard in Resources */ = {isa = PBXBuildFile; fileRef = 8A2920C02557D5C300D41453 /* LaunchScreen.storyboard */; };
		8A2920CF2557DF6800D41453 /* VKSdkFramework.framework in Frameworks */ = {isa = PBXBuildFile; fileRef = 8A2920CE2557DF6800D41453 /* VKSdkFramework.framework */; };
		8A2920D02557DF6800D41453 /* VKSdkFramework.framework in Embed Frameworks */ = {isa = PBXBuildFile; fileRef = 8A2920CE2557DF6800D41453 /* VKSdkFramework.framework */; settings = {ATTRIBUTES = (CodeSignOnCopy, RemoveHeadersOnCopy, ); }; };
		8A2920D82557E15D00D41453 /* AuthService.swift in Sources */ = {isa = PBXBuildFile; fileRef = 8A2920D72557E15D00D41453 /* AuthService.swift */; };
		8A2920DB2557E18400D41453 /* AuthViewController.storyboard in Resources */ = {isa = PBXBuildFile; fileRef = 8A2920DA2557E18400D41453 /* AuthViewController.storyboard */; };
		8A2920DD2557E19200D41453 /* AuthViewController.swift in Sources */ = {isa = PBXBuildFile; fileRef = 8A2920DC2557E19200D41453 /* AuthViewController.swift */; };
		8A2920E52558252500D41453 /* NetworkService.swift in Sources */ = {isa = PBXBuildFile; fileRef = 8A2920E42558252500D41453 /* NetworkService.swift */; };
		8A2920E72558266900D41453 /* API.swift in Sources */ = {isa = PBXBuildFile; fileRef = 8A2920E62558266900D41453 /* API.swift */; };
		8A2920EA2559720900D41453 /* FeedResponse.swift in Sources */ = {isa = PBXBuildFile; fileRef = 8A2920E92559720900D41453 /* FeedResponse.swift */; };
		8A2920EC25597C1500D41453 /* NetworkDataFetcher.swift in Sources */ = {isa = PBXBuildFile; fileRef = 8A2920EB25597C1500D41453 /* NetworkDataFetcher.swift */; };
		8A43EC682559855C00F406C2 /* NewsFeedPresenter.swift in Sources */ = {isa = PBXBuildFile; fileRef = 8A43EC612559855C00F406C2 /* NewsFeedPresenter.swift */; };
		8A43EC692559855C00F406C2 /* NewsFeedWorker.swift in Sources */ = {isa = PBXBuildFile; fileRef = 8A43EC622559855C00F406C2 /* NewsFeedWorker.swift */; };
		8A43EC6A2559855C00F406C2 /* NewsFeedRouter.swift in Sources */ = {isa = PBXBuildFile; fileRef = 8A43EC632559855C00F406C2 /* NewsFeedRouter.swift */; };
		8A43EC6B2559855C00F406C2 /* NewsFeedModels.swift in Sources */ = {isa = PBXBuildFile; fileRef = 8A43EC642559855C00F406C2 /* NewsFeedModels.swift */; };
		8A43EC6C2559855C00F406C2 /* NewsFeedViewController.swift in Sources */ = {isa = PBXBuildFile; fileRef = 8A43EC652559855C00F406C2 /* NewsFeedViewController.swift */; };
		8A43EC6D2559855C00F406C2 /* NewsFeedInteractor.swift in Sources */ = {isa = PBXBuildFile; fileRef = 8A43EC662559855C00F406C2 /* NewsFeedInteractor.swift */; };
		8A43EC702559891A00F406C2 /* NewsFeedViewController.storyboard in Resources */ = {isa = PBXBuildFile; fileRef = 8A43EC6F2559891A00F406C2 /* NewsFeedViewController.storyboard */; };
		8A43EC73255A765500F406C2 /* NewsFeedCell.swift in Sources */ = {isa = PBXBuildFile; fileRef = 8A43EC72255A765500F406C2 /* NewsFeedCell.swift */; };
		8A43EC75255A76CB00F406C2 /* NewsFeedCell.xib in Resources */ = {isa = PBXBuildFile; fileRef = 8A43EC74255A76CB00F406C2 /* NewsFeedCell.xib */; };
		8AA6FBBA2562AEE400B5EC90 /* NewsFeedCellLayoutCalculator.swift in Sources */ = {isa = PBXBuildFile; fileRef = 8AA6FBB92562AEE400B5EC90 /* NewsFeedCellLayoutCalculator.swift */; };
		8AA6FBBC2562C31A00B5EC90 /* String + Height.swift in Sources */ = {isa = PBXBuildFile; fileRef = 8AA6FBBB2562C31A00B5EC90 /* String + Height.swift */; };
		8AA6FBBE2563DCEF00B5EC90 /* NewsFeedCodeCell.swift in Sources */ = {isa = PBXBuildFile; fileRef = 8AA6FBBD2563DCEF00B5EC90 /* NewsFeedCodeCell.swift */; };
		8AA6FBC02563E3CA00B5EC90 /* Constraints.swift in Sources */ = {isa = PBXBuildFile; fileRef = 8AA6FBBF2563E3CA00B5EC90 /* Constraints.swift */; };
		8AAB5C6B256D426700B95DF2 /* GalleryCollectionView.swift in Sources */ = {isa = PBXBuildFile; fileRef = 8AAB5C6A256D426700B95DF2 /* GalleryCollectionView.swift */; };
		8AAB5C6D256D439700B95DF2 /* GalleryCollectionViewCell.swift in Sources */ = {isa = PBXBuildFile; fileRef = 8AAB5C6C256D439700B95DF2 /* GalleryCollectionViewCell.swift */; };
		8AC889FA256EAA5C004A1043 /* RowLayout.swift in Sources */ = {isa = PBXBuildFile; fileRef = 8AC889F9256EAA5C004A1043 /* RowLayout.swift */; };
		8AC889FE2570E1B0004A1043 /* TitleView.swift in Sources */ = {isa = PBXBuildFile; fileRef = 8AC889FD2570E1B0004A1043 /* TitleView.swift */; };
		8AC88A002570E29B004A1043 /* InsetableTextField.swift in Sources */ = {isa = PBXBuildFile; fileRef = 8AC889FF2570E29B004A1043 /* InsetableTextField.swift */; };
		8AC88A0225710562004A1043 /* UserResponse.swift in Sources */ = {isa = PBXBuildFile; fileRef = 8AC88A0125710562004A1043 /* UserResponse.swift */; };
		8AC88A06257273B3004A1043 /* FooterView.swift in Sources */ = {isa = PBXBuildFile; fileRef = 8AC88A05257273B3004A1043 /* FooterView.swift */; };
		8AC88A0825728EF0004A1043 /* Localizable.stringsdict in Resources */ = {isa = PBXBuildFile; fileRef = 8AC88A0725728EF0004A1043 /* Localizable.stringsdict */; };
		8ADA57A6255C29250008D871 /* WebImageView.swift in Sources */ = {isa = PBXBuildFile; fileRef = 8ADA57A5255C29250008D871 /* WebImageView.swift */; };
		8AECF7552563EC6B00EB92D2 /* HexUIColor.swift in Sources */ = {isa = PBXBuildFile; fileRef = 8AECF7542563EC6B00EB92D2 /* HexUIColor.swift */; };
		8AECF7572563EF8500EB92D2 /* Constants.swift in Sources */ = {isa = PBXBuildFile; fileRef = 8AECF7562563EF8500EB92D2 /* Constants.swift */; };
/* End PBXBuildFile section */

/* Begin PBXCopyFilesBuildPhase section */
		8A2920D12557DF6800D41453 /* Embed Frameworks */ = {
			isa = PBXCopyFilesBuildPhase;
			buildActionMask = 2147483647;
			dstPath = "";
			dstSubfolderSpec = 10;
			files = (
				8A2920D02557DF6800D41453 /* VKSdkFramework.framework in Embed Frameworks */,
			);
			name = "Embed Frameworks";
			runOnlyForDeploymentPostprocessing = 0;
		};
/* End PBXCopyFilesBuildPhase section */

/* Begin PBXFileReference section */
		8A2920B22557D5C200D41453 /* VkNewsFeed.app */ = {isa = PBXFileReference; explicitFileType = wrapper.application; includeInIndex = 0; path = VkNewsFeed.app; sourceTree = BUILT_PRODUCTS_DIR; };
		8A2920B52557D5C200D41453 /* AppDelegate.swift */ = {isa = PBXFileReference; lastKnownFileType = sourcecode.swift; path = AppDelegate.swift; sourceTree = "<group>"; };
		8A2920B72557D5C200D41453 /* SceneDelegate.swift */ = {isa = PBXFileReference; lastKnownFileType = sourcecode.swift; path = SceneDelegate.swift; sourceTree = "<group>"; };
		8A2920BE2557D5C300D41453 /* Assets.xcassets */ = {isa = PBXFileReference; lastKnownFileType = folder.assetcatalog; path = Assets.xcassets; sourceTree = "<group>"; };
		8A2920C12557D5C300D41453 /* Base */ = {isa = PBXFileReference; lastKnownFileType = file.storyboard; name = Base; path = Base.lproj/LaunchScreen.storyboard; sourceTree = "<group>"; };
		8A2920C32557D5C300D41453 /* Info.plist */ = {isa = PBXFileReference; lastKnownFileType = text.plist.xml; path = Info.plist; sourceTree = "<group>"; };
		8A2920CE2557DF6800D41453 /* VKSdkFramework.framework */ = {isa = PBXFileReference; lastKnownFileType = wrapper.framework; name = VKSdkFramework.framework; path = Carthage/Build/iOS/VKSdkFramework.framework; sourceTree = "<group>"; };
		8A2920D72557E15D00D41453 /* AuthService.swift */ = {isa = PBXFileReference; lastKnownFileType = sourcecode.swift; path = AuthService.swift; sourceTree = "<group>"; };
		8A2920DA2557E18400D41453 /* AuthViewController.storyboard */ = {isa = PBXFileReference; fileEncoding = 4; lastKnownFileType = file.storyboard; path = AuthViewController.storyboard; sourceTree = "<group>"; };
		8A2920DC2557E19200D41453 /* AuthViewController.swift */ = {isa = PBXFileReference; fileEncoding = 4; lastKnownFileType = sourcecode.swift; path = AuthViewController.swift; sourceTree = "<group>"; };
		8A2920E42558252500D41453 /* NetworkService.swift */ = {isa = PBXFileReference; lastKnownFileType = sourcecode.swift; path = NetworkService.swift; sourceTree = "<group>"; };
		8A2920E62558266900D41453 /* API.swift */ = {isa = PBXFileReference; lastKnownFileType = sourcecode.swift; path = API.swift; sourceTree = "<group>"; };
		8A2920E92559720900D41453 /* FeedResponse.swift */ = {isa = PBXFileReference; lastKnownFileType = sourcecode.swift; path = FeedResponse.swift; sourceTree = "<group>"; };
		8A2920EB25597C1500D41453 /* NetworkDataFetcher.swift */ = {isa = PBXFileReference; lastKnownFileType = sourcecode.swift; path = NetworkDataFetcher.swift; sourceTree = "<group>"; };
		8A43EC612559855C00F406C2 /* NewsFeedPresenter.swift */ = {isa = PBXFileReference; lastKnownFileType = sourcecode.swift; path = NewsFeedPresenter.swift; sourceTree = "<group>"; };
		8A43EC622559855C00F406C2 /* NewsFeedWorker.swift */ = {isa = PBXFileReference; lastKnownFileType = sourcecode.swift; path = NewsFeedWorker.swift; sourceTree = "<group>"; };
		8A43EC632559855C00F406C2 /* NewsFeedRouter.swift */ = {isa = PBXFileReference; lastKnownFileType = sourcecode.swift; path = NewsFeedRouter.swift; sourceTree = "<group>"; };
		8A43EC642559855C00F406C2 /* NewsFeedModels.swift */ = {isa = PBXFileReference; lastKnownFileType = sourcecode.swift; path = NewsFeedModels.swift; sourceTree = "<group>"; };
		8A43EC652559855C00F406C2 /* NewsFeedViewController.swift */ = {isa = PBXFileReference; lastKnownFileType = sourcecode.swift; path = NewsFeedViewController.swift; sourceTree = "<group>"; };
		8A43EC662559855C00F406C2 /* NewsFeedInteractor.swift */ = {isa = PBXFileReference; lastKnownFileType = sourcecode.swift; path = NewsFeedInteractor.swift; sourceTree = "<group>"; };
		8A43EC6F2559891A00F406C2 /* NewsFeedViewController.storyboard */ = {isa = PBXFileReference; lastKnownFileType = file.storyboard; path = NewsFeedViewController.storyboard; sourceTree = "<group>"; };
		8A43EC72255A765500F406C2 /* NewsFeedCell.swift */ = {isa = PBXFileReference; lastKnownFileType = sourcecode.swift; path = NewsFeedCell.swift; sourceTree = "<group>"; };
		8A43EC74255A76CB00F406C2 /* NewsFeedCell.xib */ = {isa = PBXFileReference; lastKnownFileType = file.xib; path = NewsFeedCell.xib; sourceTree = "<group>"; };
		8AA6FBB92562AEE400B5EC90 /* NewsFeedCellLayoutCalculator.swift */ = {isa = PBXFileReference; lastKnownFileType = sourcecode.swift; path = NewsFeedCellLayoutCalculator.swift; sourceTree = "<group>"; };
		8AA6FBBB2562C31A00B5EC90 /* String + Height.swift */ = {isa = PBXFileReference; lastKnownFileType = sourcecode.swift; path = "String + Height.swift"; sourceTree = "<group>"; };
		8AA6FBBD2563DCEF00B5EC90 /* NewsFeedCodeCell.swift */ = {isa = PBXFileReference; lastKnownFileType = sourcecode.swift; path = NewsFeedCodeCell.swift; sourceTree = "<group>"; };
		8AA6FBBF2563E3CA00B5EC90 /* Constraints.swift */ = {isa = PBXFileReference; fileEncoding = 4; lastKnownFileType = sourcecode.swift; path = Constraints.swift; sourceTree = "<group>"; };
		8AAB5C6A256D426700B95DF2 /* GalleryCollectionView.swift */ = {isa = PBXFileReference; lastKnownFileType = sourcecode.swift; path = GalleryCollectionView.swift; sourceTree = "<group>"; };
		8AAB5C6C256D439700B95DF2 /* GalleryCollectionViewCell.swift */ = {isa = PBXFileReference; lastKnownFileType = sourcecode.swift; path = GalleryCollectionViewCell.swift; sourceTree = "<group>"; };
		8AC889F9256EAA5C004A1043 /* RowLayout.swift */ = {isa = PBXFileReference; lastKnownFileType = sourcecode.swift; path = RowLayout.swift; sourceTree = "<group>"; };
		8AC889FD2570E1B0004A1043 /* TitleView.swift */ = {isa = PBXFileReference; lastKnownFileType = sourcecode.swift; path = TitleView.swift; sourceTree = "<group>"; };
		8AC889FF2570E29B004A1043 /* InsetableTextField.swift */ = {isa = PBXFileReference; lastKnownFileType = sourcecode.swift; path = InsetableTextField.swift; sourceTree = "<group>"; };
		8AC88A0125710562004A1043 /* UserResponse.swift */ = {isa = PBXFileReference; lastKnownFileType = sourcecode.swift; path = UserResponse.swift; sourceTree = "<group>"; };
		8AC88A05257273B3004A1043 /* FooterView.swift */ = {isa = PBXFileReference; lastKnownFileType = sourcecode.swift; path = FooterView.swift; sourceTree = "<group>"; };
		8AC88A0725728EF0004A1043 /* Localizable.stringsdict */ = {isa = PBXFileReference; lastKnownFileType = text.plist.stringsdict; path = Localizable.stringsdict; sourceTree = "<group>"; };
		8ADA57A5255C29250008D871 /* WebImageView.swift */ = {isa = PBXFileReference; lastKnownFileType = sourcecode.swift; path = WebImageView.swift; sourceTree = "<group>"; };
		8AECF7542563EC6B00EB92D2 /* HexUIColor.swift */ = {isa = PBXFileReference; lastKnownFileType = sourcecode.swift; path = HexUIColor.swift; sourceTree = "<group>"; };
		8AECF7562563EF8500EB92D2 /* Constants.swift */ = {isa = PBXFileReference; lastKnownFileType = sourcecode.swift; path = Constants.swift; sourceTree = "<group>"; };
/* End PBXFileReference section */

/* Begin PBXFrameworksBuildPhase section */
		8A2920AF2557D5C200D41453 /* Frameworks */ = {
			isa = PBXFrameworksBuildPhase;
			buildActionMask = 2147483647;
			files = (
				8A2920CF2557DF6800D41453 /* VKSdkFramework.framework in Frameworks */,
			);
			runOnlyForDeploymentPostprocessing = 0;
		};
/* End PBXFrameworksBuildPhase section */

/* Begin PBXGroup section */
		8A2920A92557D5C200D41453 = {
			isa = PBXGroup;
			children = (
				8A2920B42557D5C200D41453 /* VkNewsFeed */,
				8A2920B32557D5C200D41453 /* Products */,
				8A2920CD2557DF6800D41453 /* Frameworks */,
			);
			sourceTree = "<group>";
		};
		8A2920B32557D5C200D41453 /* Products */ = {
			isa = PBXGroup;
			children = (
				8A2920B22557D5C200D41453 /* VkNewsFeed.app */,
			);
			name = Products;
			sourceTree = "<group>";
		};
		8A2920B42557D5C200D41453 /* VkNewsFeed */ = {
			isa = PBXGroup;
			children = (
				8A2920E22557F4D000D41453 /* AuthViewController */,
				8A43EC602559850400F406C2 /* NewsFeed */,
				8A2920D92557E16300D41453 /* Services */,
				8ADA57A4255C28F30008D871 /* Helpers */,
				8A2920B52557D5C200D41453 /* AppDelegate.swift */,
				8A2920B72557D5C200D41453 /* SceneDelegate.swift */,
				8A2920BE2557D5C300D41453 /* Assets.xcassets */,
				8A2920C02557D5C300D41453 /* LaunchScreen.storyboard */,
				8A2920C32557D5C300D41453 /* Info.plist */,
				8AC88A0725728EF0004A1043 /* Localizable.stringsdict */,
			);
			path = VkNewsFeed;
			sourceTree = "<group>";
		};
		8A2920CD2557DF6800D41453 /* Frameworks */ = {
			isa = PBXGroup;
			children = (
				8A2920CE2557DF6800D41453 /* VKSdkFramework.framework */,
			);
			name = Frameworks;
			sourceTree = "<group>";
		};
		8A2920D92557E16300D41453 /* Services */ = {
			isa = PBXGroup;
			children = (
				8A2920E8255971F700D41453 /* Models */,
				8A2920D72557E15D00D41453 /* AuthService.swift */,
				8A2920E42558252500D41453 /* NetworkService.swift */,
				8A2920E62558266900D41453 /* API.swift */,
				8A2920EB25597C1500D41453 /* NetworkDataFetcher.swift */,
			);
			path = Services;
			sourceTree = "<group>";
		};
		8A2920E22557F4D000D41453 /* AuthViewController */ = {
			isa = PBXGroup;
			children = (
				8A2920DA2557E18400D41453 /* AuthViewController.storyboard */,
				8A2920DC2557E19200D41453 /* AuthViewController.swift */,
			);
			path = AuthViewController;
			sourceTree = "<group>";
		};
		8A2920E8255971F700D41453 /* Models */ = {
			isa = PBXGroup;
			children = (
				8A2920E92559720900D41453 /* FeedResponse.swift */,
				8AC88A0125710562004A1043 /* UserResponse.swift */,
			);
			path = Models;
			sourceTree = "<group>";
		};
		8A43EC602559850400F406C2 /* NewsFeed */ = {
			isa = PBXGroup;
			children = (
				8AC88A042572739A004A1043 /* Footer */,
				8AC889FC2570E194004A1043 /* Header */,
				8AAB5C69256D424B00B95DF2 /* Gallery */,
				8A43EC71255A764500F406C2 /* Cell */,
				8A43EC6F2559891A00F406C2 /* NewsFeedViewController.storyboard */,
				8A43EC652559855C00F406C2 /* NewsFeedViewController.swift */,
				8A43EC662559855C00F406C2 /* NewsFeedInteractor.swift */,
				8A43EC612559855C00F406C2 /* NewsFeedPresenter.swift */,
				8A43EC622559855C00F406C2 /* NewsFeedWorker.swift */,
				8A43EC632559855C00F406C2 /* NewsFeedRouter.swift */,
				8A43EC642559855C00F406C2 /* NewsFeedModels.swift */,
			);
			path = NewsFeed;
			sourceTree = "<group>";
		};
		8A43EC71255A764500F406C2 /* Cell */ = {
			isa = PBXGroup;
			children = (
				8A43EC74255A76CB00F406C2 /* NewsFeedCell.xib */,
				8A43EC72255A765500F406C2 /* NewsFeedCell.swift */,
				8AA6FBB92562AEE400B5EC90 /* NewsFeedCellLayoutCalculator.swift */,
				8AA6FBBD2563DCEF00B5EC90 /* NewsFeedCodeCell.swift */,
				8AECF7562563EF8500EB92D2 /* Constants.swift */,
			);
			path = Cell;
			sourceTree = "<group>";
		};
		8AAB5C69256D424B00B95DF2 /* Gallery */ = {
			isa = PBXGroup;
			children = (
				8AAB5C6A256D426700B95DF2 /* GalleryCollectionView.swift */,
				8AAB5C6C256D439700B95DF2 /* GalleryCollectionViewCell.swift */,
				8AC889F9256EAA5C004A1043 /* RowLayout.swift */,
			);
			path = Gallery;
			sourceTree = "<group>";
		};
		8AC889FC2570E194004A1043 /* Header */ = {
			isa = PBXGroup;
			children = (
				8AC889FD2570E1B0004A1043 /* TitleView.swift */,
				8AC889FF2570E29B004A1043 /* InsetableTextField.swift */,
			);
			path = Header;
			sourceTree = "<group>";
		};
		8AC88A042572739A004A1043 /* Footer */ = {
			isa = PBXGroup;
			children = (
				8AC88A05257273B3004A1043 /* FooterView.swift */,
			);
			path = Footer;
			sourceTree = "<group>";
		};
		8ADA57A4255C28F30008D871 /* Helpers */ = {
			isa = PBXGroup;
			children = (
				8AA6FBBF2563E3CA00B5EC90 /* Constraints.swift */,
				8ADA57A5255C29250008D871 /* WebImageView.swift */,
				8AA6FBBB2562C31A00B5EC90 /* String + Height.swift */,
				8AECF7542563EC6B00EB92D2 /* HexUIColor.swift */,
			);
			path = Helpers;
			sourceTree = "<group>";
		};
/* End PBXGroup section */

/* Begin PBXNativeTarget section */
		8A2920B12557D5C200D41453 /* VkNewsFeed */ = {
			isa = PBXNativeTarget;
			buildConfigurationList = 8A2920C62557D5C300D41453 /* Build configuration list for PBXNativeTarget "VkNewsFeed" */;
			buildPhases = (
				8A2920AE2557D5C200D41453 /* Sources */,
				8A2920AF2557D5C200D41453 /* Frameworks */,
				8A2920B02557D5C200D41453 /* Resources */,
				8A2920CB2557DB5B00D41453 /* ShellScript */,
				8A2920D12557DF6800D41453 /* Embed Frameworks */,
			);
			buildRules = (
			);
			dependencies = (
			);
			name = VkNewsFeed;
			productName = VkNewsFeed;
			productReference = 8A2920B22557D5C200D41453 /* VkNewsFeed.app */;
			productType = "com.apple.product-type.application";
		};
/* End PBXNativeTarget section */

/* Begin PBXProject section */
		8A2920AA2557D5C200D41453 /* Project object */ = {
			isa = PBXProject;
			attributes = {
				LastSwiftUpdateCheck = 1210;
				LastUpgradeCheck = 1210;
				TargetAttributes = {
					8A2920B12557D5C200D41453 = {
						CreatedOnToolsVersion = 12.1;
					};
				};
			};
			buildConfigurationList = 8A2920AD2557D5C200D41453 /* Build configuration list for PBXProject "VkNewsFeed" */;
			compatibilityVersion = "Xcode 9.3";
			developmentRegion = en;
			hasScannedForEncodings = 0;
			knownRegions = (
				en,
				Base,
			);
			mainGroup = 8A2920A92557D5C200D41453;
			productRefGroup = 8A2920B32557D5C200D41453 /* Products */;
			projectDirPath = "";
			projectRoot = "";
			targets = (
				8A2920B12557D5C200D41453 /* VkNewsFeed */,
			);
		};
/* End PBXProject section */

/* Begin PBXResourcesBuildPhase section */
		8A2920B02557D5C200D41453 /* Resources */ = {
			isa = PBXResourcesBuildPhase;
			buildActionMask = 2147483647;
			files = (
				8A43EC702559891A00F406C2 /* NewsFeedViewController.storyboard in Resources */,
				8A2920C22557D5C300D41453 /* LaunchScreen.storyboard in Resources */,
				8A43EC75255A76CB00F406C2 /* NewsFeedCell.xib in Resources */,
				8A2920DB2557E18400D41453 /* AuthViewController.storyboard in Resources */,
				8A2920BF2557D5C300D41453 /* Assets.xcassets in Resources */,
				8AC88A0825728EF0004A1043 /* Localizable.stringsdict in Resources */,
			);
			runOnlyForDeploymentPostprocessing = 0;
		};
/* End PBXResourcesBuildPhase section */

/* Begin PBXShellScriptBuildPhase section */
		8A2920CB2557DB5B00D41453 /* ShellScript */ = {
			isa = PBXShellScriptBuildPhase;
			buildActionMask = 2147483647;
			files = (
			);
			inputFileListPaths = (
			);
			inputPaths = (
				"$(SRCROOT)/Carthage/Build/iOS/VKSdkFramework.framework",
			);
			outputFileListPaths = (
			);
			outputPaths = (
			);
			runOnlyForDeploymentPostprocessing = 0;
			shellPath = /bin/sh;
			shellScript = "/usr/local/bin/carthage copy-frameworks\n";
		};
/* End PBXShellScriptBuildPhase section */

/* Begin PBXSourcesBuildPhase section */
		8A2920AE2557D5C200D41453 /* Sources */ = {
			isa = PBXSourcesBuildPhase;
			buildActionMask = 2147483647;
			files = (
				8AC88A002570E29B004A1043 /* InsetableTextField.swift in Sources */,
				8A2920EA2559720900D41453 /* FeedResponse.swift in Sources */,
				8AAB5C6D256D439700B95DF2 /* GalleryCollectionViewCell.swift in Sources */,
				8AECF7572563EF8500EB92D2 /* Constants.swift in Sources */,
				8AAB5C6B256D426700B95DF2 /* GalleryCollectionView.swift in Sources */,
				8AA6FBBC2562C31A00B5EC90 /* String + Height.swift in Sources */,
				8AA6FBBE2563DCEF00B5EC90 /* NewsFeedCodeCell.swift in Sources */,
				8A43EC682559855C00F406C2 /* NewsFeedPresenter.swift in Sources */,
				8A2920DD2557E19200D41453 /* AuthViewController.swift in Sources */,
				8A2920D82557E15D00D41453 /* AuthService.swift in Sources */,
				8A43EC6D2559855C00F406C2 /* NewsFeedInteractor.swift in Sources */,
				8AC88A0225710562004A1043 /* UserResponse.swift in Sources */,
				8A2920B62557D5C200D41453 /* AppDelegate.swift in Sources */,
				8AC889FE2570E1B0004A1043 /* TitleView.swift in Sources */,
				8A2920E52558252500D41453 /* NetworkService.swift in Sources */,
				8AECF7552563EC6B00EB92D2 /* HexUIColor.swift in Sources */,
				8A2920EC25597C1500D41453 /* NetworkDataFetcher.swift in Sources */,
				8A43EC692559855C00F406C2 /* NewsFeedWorker.swift in Sources */,
				8ADA57A6255C29250008D871 /* WebImageView.swift in Sources */,
				8AC889FA256EAA5C004A1043 /* RowLayout.swift in Sources */,
				8AA6FBC02563E3CA00B5EC90 /* Constraints.swift in Sources */,
				8A43EC6A2559855C00F406C2 /* NewsFeedRouter.swift in Sources */,
				8A2920B82557D5C200D41453 /* SceneDelegate.swift in Sources */,
				8A2920E72558266900D41453 /* API.swift in Sources */,
				8AC88A06257273B3004A1043 /* FooterView.swift in Sources */,
				8A43EC6B2559855C00F406C2 /* NewsFeedModels.swift in Sources */,
				8A43EC73255A765500F406C2 /* NewsFeedCell.swift in Sources */,
				8A43EC6C2559855C00F406C2 /* NewsFeedViewController.swift in Sources */,
				8AA6FBBA2562AEE400B5EC90 /* NewsFeedCellLayoutCalculator.swift in Sources */,
			);
			runOnlyForDeploymentPostprocessing = 0;
		};
/* End PBXSourcesBuildPhase section */

/* Begin PBXVariantGroup section */
		8A2920C02557D5C300D41453 /* LaunchScreen.storyboard */ = {
			isa = PBXVariantGroup;
			children = (
				8A2920C12557D5C300D41453 /* Base */,
			);
			name = LaunchScreen.storyboard;
			sourceTree = "<group>";
		};
/* End PBXVariantGroup section */

/* Begin XCBuildConfiguration section */
		8A2920C42557D5C300D41453 /* Debug */ = {
			isa = XCBuildConfiguration;
			buildSettings = {
				ALWAYS_SEARCH_USER_PATHS = NO;
				CLANG_ANALYZER_NONNULL = YES;
				CLANG_ANALYZER_NUMBER_OBJECT_CONVERSION = YES_AGGRESSIVE;
				CLANG_CXX_LANGUAGE_STANDARD = "gnu++14";
				CLANG_CXX_LIBRARY = "libc++";
				CLANG_ENABLE_MODULES = YES;
				CLANG_ENABLE_OBJC_ARC = YES;
				CLANG_ENABLE_OBJC_WEAK = YES;
				CLANG_WARN_BLOCK_CAPTURE_AUTORELEASING = YES;
				CLANG_WARN_BOOL_CONVERSION = YES;
				CLANG_WARN_COMMA = YES;
				CLANG_WARN_CONSTANT_CONVERSION = YES;
				CLANG_WARN_DEPRECATED_OBJC_IMPLEMENTATIONS = YES;
				CLANG_WARN_DIRECT_OBJC_ISA_USAGE = YES_ERROR;
				CLANG_WARN_DOCUMENTATION_COMMENTS = YES;
				CLANG_WARN_EMPTY_BODY = YES;
				CLANG_WARN_ENUM_CONVERSION = YES;
				CLANG_WARN_INFINITE_RECURSION = YES;
				CLANG_WARN_INT_CONVERSION = YES;
				CLANG_WARN_NON_LITERAL_NULL_CONVERSION = YES;
				CLANG_WARN_OBJC_IMPLICIT_RETAIN_SELF = YES;
				CLANG_WARN_OBJC_LITERAL_CONVERSION = YES;
				CLANG_WARN_OBJC_ROOT_CLASS = YES_ERROR;
				CLANG_WARN_QUOTED_INCLUDE_IN_FRAMEWORK_HEADER = YES;
				CLANG_WARN_RANGE_LOOP_ANALYSIS = YES;
				CLANG_WARN_STRICT_PROTOTYPES = YES;
				CLANG_WARN_SUSPICIOUS_MOVE = YES;
				CLANG_WARN_UNGUARDED_AVAILABILITY = YES_AGGRESSIVE;
				CLANG_WARN_UNREACHABLE_CODE = YES;
				CLANG_WARN__DUPLICATE_METHOD_MATCH = YES;
				COPY_PHASE_STRIP = NO;
				DEBUG_INFORMATION_FORMAT = dwarf;
				ENABLE_STRICT_OBJC_MSGSEND = YES;
				ENABLE_TESTABILITY = YES;
				GCC_C_LANGUAGE_STANDARD = gnu11;
				GCC_DYNAMIC_NO_PIC = NO;
				GCC_NO_COMMON_BLOCKS = YES;
				GCC_OPTIMIZATION_LEVEL = 0;
				GCC_PREPROCESSOR_DEFINITIONS = (
					"DEBUG=1",
					"$(inherited)",
				);
				GCC_WARN_64_TO_32_BIT_CONVERSION = YES;
				GCC_WARN_ABOUT_RETURN_TYPE = YES_ERROR;
				GCC_WARN_UNDECLARED_SELECTOR = YES;
				GCC_WARN_UNINITIALIZED_AUTOS = YES_AGGRESSIVE;
				GCC_WARN_UNUSED_FUNCTION = YES;
				GCC_WARN_UNUSED_VARIABLE = YES;
				IPHONEOS_DEPLOYMENT_TARGET = 14.1;
				MTL_ENABLE_DEBUG_INFO = INCLUDE_SOURCE;
				MTL_FAST_MATH = YES;
				ONLY_ACTIVE_ARCH = YES;
				SDKROOT = iphoneos;
				SWIFT_ACTIVE_COMPILATION_CONDITIONS = DEBUG;
				SWIFT_OPTIMIZATION_LEVEL = "-Onone";
			};
			name = Debug;
		};
		8A2920C52557D5C300D41453 /* Release */ = {
			isa = XCBuildConfiguration;
			buildSettings = {
				ALWAYS_SEARCH_USER_PATHS = NO;
				CLANG_ANALYZER_NONNULL = YES;
				CLANG_ANALYZER_NUMBER_OBJECT_CONVERSION = YES_AGGRESSIVE;
				CLANG_CXX_LANGUAGE_STANDARD = "gnu++14";
				CLANG_CXX_LIBRARY = "libc++";
				CLANG_ENABLE_MODULES = YES;
				CLANG_ENABLE_OBJC_ARC = YES;
				CLANG_ENABLE_OBJC_WEAK = YES;
				CLANG_WARN_BLOCK_CAPTURE_AUTORELEASING = YES;
				CLANG_WARN_BOOL_CONVERSION = YES;
				CLANG_WARN_COMMA = YES;
				CLANG_WARN_CONSTANT_CONVERSION = YES;
				CLANG_WARN_DEPRECATED_OBJC_IMPLEMENTATIONS = YES;
				CLANG_WARN_DIRECT_OBJC_ISA_USAGE = YES_ERROR;
				CLANG_WARN_DOCUMENTATION_COMMENTS = YES;
				CLANG_WARN_EMPTY_BODY = YES;
				CLANG_WARN_ENUM_CONVERSION = YES;
				CLANG_WARN_INFINITE_RECURSION = YES;
				CLANG_WARN_INT_CONVERSION = YES;
				CLANG_WARN_NON_LITERAL_NULL_CONVERSION = YES;
				CLANG_WARN_OBJC_IMPLICIT_RETAIN_SELF = YES;
				CLANG_WARN_OBJC_LITERAL_CONVERSION = YES;
				CLANG_WARN_OBJC_ROOT_CLASS = YES_ERROR;
				CLANG_WARN_QUOTED_INCLUDE_IN_FRAMEWORK_HEADER = YES;
				CLANG_WARN_RANGE_LOOP_ANALYSIS = YES;
				CLANG_WARN_STRICT_PROTOTYPES = YES;
				CLANG_WARN_SUSPICIOUS_MOVE = YES;
				CLANG_WARN_UNGUARDED_AVAILABILITY = YES_AGGRESSIVE;
				CLANG_WARN_UNREACHABLE_CODE = YES;
				CLANG_WARN__DUPLICATE_METHOD_MATCH = YES;
				COPY_PHASE_STRIP = NO;
				DEBUG_INFORMATION_FORMAT = "dwarf-with-dsym";
				ENABLE_NS_ASSERTIONS = NO;
				ENABLE_STRICT_OBJC_MSGSEND = YES;
				GCC_C_LANGUAGE_STANDARD = gnu11;
				GCC_NO_COMMON_BLOCKS = YES;
				GCC_WARN_64_TO_32_BIT_CONVERSION = YES;
				GCC_WARN_ABOUT_RETURN_TYPE = YES_ERROR;
				GCC_WARN_UNDECLARED_SELECTOR = YES;
				GCC_WARN_UNINITIALIZED_AUTOS = YES_AGGRESSIVE;
				GCC_WARN_UNUSED_FUNCTION = YES;
				GCC_WARN_UNUSED_VARIABLE = YES;
				IPHONEOS_DEPLOYMENT_TARGET = 14.1;
				MTL_ENABLE_DEBUG_INFO = NO;
				MTL_FAST_MATH = YES;
				SDKROOT = iphoneos;
				SWIFT_COMPILATION_MODE = wholemodule;
				SWIFT_OPTIMIZATION_LEVEL = "-O";
				VALIDATE_PRODUCT = YES;
			};
			name = Release;
		};
		8A2920C72557D5C300D41453 /* Debug */ = {
			isa = XCBuildConfiguration;
			buildSettings = {
				ASSETCATALOG_COMPILER_APPICON_NAME = AppIcon;
				ASSETCATALOG_COMPILER_GLOBAL_ACCENT_COLOR_NAME = AccentColor;
				CODE_SIGN_STYLE = Automatic;
				DEVELOPMENT_TEAM = WH34DMFD48;
				FRAMEWORK_SEARCH_PATHS = (
					"$(inherited)",
					"$(PROJECT_DIR)/Carthage/Build/iOS",
				);
				INFOPLIST_FILE = VkNewsFeed/Info.plist;
				IPHONEOS_DEPLOYMENT_TARGET = 13.0;
				LD_RUNPATH_SEARCH_PATHS = (
					"$(inherited)",
					"@executable_path/Frameworks",
				);
				PRODUCT_BUNDLE_IDENTIFIER = Konkey.VkNewsFeed;
				PRODUCT_NAME = "$(TARGET_NAME)";
				SWIFT_VERSION = 5.0;
				TARGETED_DEVICE_FAMILY = "1,2";
			};
			name = Debug;
		};
		8A2920C82557D5C300D41453 /* Release */ = {
			isa = XCBuildConfiguration;
			buildSettings = {
				ASSETCATALOG_COMPILER_APPICON_NAME = AppIcon;
				ASSETCATALOG_COMPILER_GLOBAL_ACCENT_COLOR_NAME = AccentColor;
				CODE_SIGN_STYLE = Automatic;
				DEVELOPMENT_TEAM = WH34DMFD48;
				FRAMEWORK_SEARCH_PATHS = (
					"$(inherited)",
					"$(PROJECT_DIR)/Carthage/Build/iOS",
				);
				INFOPLIST_FILE = VkNewsFeed/Info.plist;
				IPHONEOS_DEPLOYMENT_TARGET = 13.0;
				LD_RUNPATH_SEARCH_PATHS = (
					"$(inherited)",
					"@executable_path/Frameworks",
				);
				PRODUCT_BUNDLE_IDENTIFIER = Konkey.VkNewsFeed;
				PRODUCT_NAME = "$(TARGET_NAME)";
				SWIFT_VERSION = 5.0;
				TARGETED_DEVICE_FAMILY = "1,2";
			};
			name = Release;
		};
/* End XCBuildConfiguration section */

/* Begin XCConfigurationList section */
		8A2920AD2557D5C200D41453 /* Build configuration list for PBXProject "VkNewsFeed" */ = {
			isa = XCConfigurationList;
			buildConfigurations = (
				8A2920C42557D5C300D41453 /* Debug */,
				8A2920C52557D5C300D41453 /* Release */,
			);
			defaultConfigurationIsVisible = 0;
			defaultConfigurationName = Release;
		};
		8A2920C62557D5C300D41453 /* Build configuration list for PBXNativeTarget "VkNewsFeed" */ = {
			isa = XCConfigurationList;
			buildConfigurations = (
				8A2920C72557D5C300D41453 /* Debug */,
				8A2920C82557D5C300D41453 /* Release */,
			);
			defaultConfigurationIsVisible = 0;
			defaultConfigurationName = Release;
		};
/* End XCConfigurationList section */
	};
	rootObject = 8A2920AA2557D5C200D41453 /* Project object */;
}
